
Microsoft Visual Studio Solution File, Format Version 10.00
# Visual Studio 2008
Project("{8BC9CEB8-8B4A-11D0-8D11-00A0C91BC942}") = "xmlrpc++0.7.WM", "xmlrpc++0.7\xmlrpc++0.7.vcproj", "{5BA996ED-214C-4A56-B360-5D3EBA880EB3}"
EndProject
Project("{8BC9CEB8-8B4A-11D0-8D11-00A0C91BC942}") = "ITEScreenAnalyzer", "ITEScreenAnalyzer\ITEScreenAnalyzer.vcproj", "{967F2DAB-3CA2-444F-ADBD-98F6C9D0A12B}"
	ProjectSection(ProjectDependencies) = postProject
		{5BA996ED-214C-4A56-B360-5D3EBA880EB3} = {5BA996ED-214C-4A56-B360-5D3EBA880EB3}
	EndProjectSection
EndProject
Global
	GlobalSection(SolutionConfigurationPlatforms) = preSolution
		Debug|Mixed Platforms = Debug|Mixed Platforms
		Debug|Win32 = Debug|Win32
		Debug|Windows Mobile 5.0 Pocket PC SDK (ARMV4I) = Debug|Windows Mobile 5.0 Pocket PC SDK (ARMV4I)
		Debug|Windows Mobile 6 Professional SDK (ARMV4I) = Debug|Windows Mobile 6 Professional SDK (ARMV4I)
		Debug|Windows Mobile 6 Standard SDK (ARMV4I) = Debug|Windows Mobile 6 Standard SDK (ARMV4I)
		Debug|Windows Mobile 6.5.3 Professional DTK (ARMV4I) = Debug|Windows Mobile 6.5.3 Professional DTK (ARMV4I)
		Release|Mixed Platforms = Release|Mixed Platforms
		Release|Win32 = Release|Win32
		Release|Windows Mobile 5.0 Pocket PC SDK (ARMV4I) = Release|Windows Mobile 5.0 Pocket PC SDK (ARMV4I)
		Release|Windows Mobile 6 Professional SDK (ARMV4I) = Release|Windows Mobile 6 Professional SDK (ARMV4I)
		Release|Windows Mobile 6 Standard SDK (ARMV4I) = Release|Windows Mobile 6 Standard SDK (ARMV4I)
		Release|Windows Mobile 6.5.3 Professional DTK (ARMV4I) = Release|Windows Mobile 6.5.3 Professional DTK (ARMV4I)
	EndGlobalSection
	GlobalSection(ProjectConfigurationPlatforms) = postSolution
		{5BA996ED-214C-4A56-B360-5D3EBA880EB3}.Debug|Mixed Platforms.ActiveCfg = Debug|Windows Mobile 6.5.3 Professional DTK (ARMV4I)
		{5BA996ED-214C-4A56-B360-5D3EBA880EB3}.Debug|Mixed Platforms.Build.0 = Debug|Windows Mobile 6.5.3 Professional DTK (ARMV4I)
		{5BA996ED-214C-4A56-B360-5D3EBA880EB3}.Debug|Mixed Platforms.Deploy.0 = Debug|Windows Mobile 6.5.3 Professional DTK (ARMV4I)
		{5BA996ED-214C-4A56-B360-5D3EBA880EB3}.Debug|Win32.ActiveCfg = Debug|Windows Mobile 6.5.3 Professional DTK (ARMV4I)
		{5BA996ED-214C-4A56-B360-5D3EBA880EB3}.Debug|Windows Mobile 5.0 Pocket PC SDK (ARMV4I).ActiveCfg = Debug|Windows Mobile 5.0 Pocket PC SDK (ARMV4I)
		{5BA996ED-214C-4A56-B360-5D3EBA880EB3}.Debug|Windows Mobile 5.0 Pocket PC SDK (ARMV4I).Build.0 = Debug|Windows Mobile 5.0 Pocket PC SDK (ARMV4I)
		{5BA996ED-214C-4A56-B360-5D3EBA880EB3}.Debug|Windows Mobile 5.0 Pocket PC SDK (ARMV4I).Deploy.0 = Debug|Windows Mobile 5.0 Pocket PC SDK (ARMV4I)
		{5BA996ED-214C-4A56-B360-5D3EBA880EB3}.Debug|Windows Mobile 6 Professional SDK (ARMV4I).ActiveCfg = Debug|Windows Mobile 5.0 Pocket PC SDK (ARMV4I)
		{5BA996ED-214C-4A56-B360-5D3EBA880EB3}.Debug|Windows Mobile 6 Standard SDK (ARMV4I).ActiveCfg = Debug|Windows Mobile 6.5.3 Professional DTK (ARMV4I)
		{5BA996ED-214C-4A56-B360-5D3EBA880EB3}.Debug|Windows Mobile 6.5.3 Professional DTK (ARMV4I).ActiveCfg = Debug|Windows Mobile 6.5.3 Professional DTK (ARMV4I)
		{5BA996ED-214C-4A56-B360-5D3EBA880EB3}.Debug|Windows Mobile 6.5.3 Professional DTK (ARMV4I).Build.0 = Debug|Windows Mobile 6.5.3 Professional DTK (ARMV4I)
		{5BA996ED-214C-4A56-B360-5D3EBA880EB3}.Release|Mixed Platforms.ActiveCfg = Release|Windows Mobile 6.5.3 Professional DTK (ARMV4I)
		{5BA996ED-214C-4A56-B360-5D3EBA880EB3}.Release|Mixed Platforms.Build.0 = Release|Windows Mobile 6.5.3 Professional DTK (ARMV4I)
		{5BA996ED-214C-4A56-B360-5D3EBA880EB3}.Release|Mixed Platforms.Deploy.0 = Release|Windows Mobile 6.5.3 Professional DTK (ARMV4I)
		{5BA996ED-214C-4A56-B360-5D3EBA880EB3}.Release|Win32.ActiveCfg = Release|Windows Mobile 6.5.3 Professional DTK (ARMV4I)
		{5BA996ED-214C-4A56-B360-5D3EBA880EB3}.Release|Windows Mobile 5.0 Pocket PC SDK (ARMV4I).ActiveCfg = Release|Windows Mobile 5.0 Pocket PC SDK (ARMV4I)
		{5BA996ED-214C-4A56-B360-5D3EBA880EB3}.Release|Windows Mobile 5.0 Pocket PC SDK (ARMV4I).Build.0 = Release|Windows Mobile 5.0 Pocket PC SDK (ARMV4I)
		{5BA996ED-214C-4A56-B360-5D3EBA880EB3}.Release|Windows Mobile 6 Professional SDK (ARMV4I).ActiveCfg = Release|Windows Mobile 5.0 Pocket PC SDK (ARMV4I)
		{5BA996ED-214C-4A56-B360-5D3EBA880EB3}.Release|Windows Mobile 6 Standard SDK (ARMV4I).ActiveCfg = Release|Windows Mobile 6.5.3 Professional DTK (ARMV4I)
		{5BA996ED-214C-4A56-B360-5D3EBA880EB3}.Release|Windows Mobile 6.5.3 Professional DTK (ARMV4I).ActiveCfg = Release|Windows Mobile 6.5.3 Professional DTK (ARMV4I)
		{5BA996ED-214C-4A56-B360-5D3EBA880EB3}.Release|Windows Mobile 6.5.3 Professional DTK (ARMV4I).Build.0 = Release|Windows Mobile 6.5.3 Professional DTK (ARMV4I)
		{5BA996ED-214C-4A56-B360-5D3EBA880EB3}.Release|Windows Mobile 6.5.3 Professional DTK (ARMV4I).Deploy.0 = Release|Windows Mobile 6.5.3 Professional DTK (ARMV4I)
		{967F2DAB-3CA2-444F-ADBD-98F6C9D0A12B}.Debug|Mixed Platforms.ActiveCfg = Debug|Windows Mobile 5.0 Pocket PC SDK (ARMV4I)
		{967F2DAB-3CA2-444F-ADBD-98F6C9D0A12B}.Debug|Mixed Platforms.Build.0 = Debug|Windows Mobile 5.0 Pocket PC SDK (ARMV4I)
		{967F2DAB-3CA2-444F-ADBD-98F6C9D0A12B}.Debug|Mixed Platforms.Deploy.0 = Debug|Windows Mobile 5.0 Pocket PC SDK (ARMV4I)
		{967F2DAB-3CA2-444F-ADBD-98F6C9D0A12B}.Debug|Win32.ActiveCfg = Debug|Windows Mobile 5.0 Pocket PC SDK (ARMV4I)
		{967F2DAB-3CA2-444F-ADBD-98F6C9D0A12B}.Debug|Windows Mobile 5.0 Pocket PC SDK (ARMV4I).ActiveCfg = Debug|Windows Mobile 5.0 Pocket PC SDK (ARMV4I)
		{967F2DAB-3CA2-444F-ADBD-98F6C9D0A12B}.Debug|Windows Mobile 5.0 Pocket PC SDK (ARMV4I).Build.0 = Debug|Windows Mobile 5.0 Pocket PC SDK (ARMV4I)
		{967F2DAB-3CA2-444F-ADBD-98F6C9D0A12B}.Debug|Windows Mobile 5.0 Pocket PC SDK (ARMV4I).Deploy.0 = Debug|Windows Mobile 5.0 Pocket PC SDK (ARMV4I)
		{967F2DAB-3CA2-444F-ADBD-98F6C9D0A12B}.Debug|Windows Mobile 6 Professional SDK (ARMV4I).ActiveCfg = Debug|Windows Mobile 5.0 Pocket PC SDK (ARMV4I)
		{967F2DAB-3CA2-444F-ADBD-98F6C9D0A12B}.Debug|Windows Mobile 6 Standard SDK (ARMV4I).ActiveCfg = Debug|Windows Mobile 5.0 Pocket PC SDK (ARMV4I)
		{967F2DAB-3CA2-444F-ADBD-98F6C9D0A12B}.Debug|Windows Mobile 6.5.3 Professional DTK (ARMV4I).ActiveCfg = Debug|Windows Mobile 6.5.3 Professional DTK (ARMV4I)
		{967F2DAB-3CA2-444F-ADBD-98F6C9D0A12B}.Debug|Windows Mobile 6.5.3 Professional DTK (ARMV4I).Build.0 = Debug|Windows Mobile 6.5.3 Professional DTK (ARMV4I)
		{967F2DAB-3CA2-444F-ADBD-98F6C9D0A12B}.Debug|Windows Mobile 6.5.3 Professional DTK (ARMV4I).Deploy.0 = Debug|Windows Mobile 6.5.3 Professional DTK (ARMV4I)
		{967F2DAB-3CA2-444F-ADBD-98F6C9D0A12B}.Release|Mixed Platforms.ActiveCfg = Release|Windows Mobile 5.0 Pocket PC SDK (ARMV4I)
		{967F2DAB-3CA2-444F-ADBD-98F6C9D0A12B}.Release|Mixed Platforms.Build.0 = Release|Windows Mobile 5.0 Pocket PC SDK (ARMV4I)
		{967F2DAB-3CA2-444F-ADBD-98F6C9D0A12B}.Release|Mixed Platforms.Deploy.0 = Release|Windows Mobile 5.0 Pocket PC SDK (ARMV4I)
		{967F2DAB-3CA2-444F-ADBD-98F6C9D0A12B}.Release|Win32.ActiveCfg = Release|Windows Mobile 5.0 Pocket PC SDK (ARMV4I)
		{967F2DAB-3CA2-444F-ADBD-98F6C9D0A12B}.Release|Windows Mobile 5.0 Pocket PC SDK (ARMV4I).ActiveCfg = Release|Windows Mobile 5.0 Pocket PC SDK (ARMV4I)
		{967F2DAB-3CA2-444F-ADBD-98F6C9D0A12B}.Release|Windows Mobile 5.0 Pocket PC SDK (ARMV4I).Build.0 = Release|Windows Mobile 5.0 Pocket PC SDK (ARMV4I)
		{967F2DAB-3CA2-444F-ADBD-98F6C9D0A12B}.Release|Windows Mobile 5.0 Pocket PC SDK (ARMV4I).Deploy.0 = Release|Windows Mobile 5.0 Pocket PC SDK (ARMV4I)
		{967F2DAB-3CA2-444F-ADBD-98F6C9D0A12B}.Release|Windows Mobile 6 Professional SDK (ARMV4I).ActiveCfg = Release|Windows Mobile 5.0 Pocket PC SDK (ARMV4I)
		{967F2DAB-3CA2-444F-ADBD-98F6C9D0A12B}.Release|Windows Mobile 6 Standard SDK (ARMV4I).ActiveCfg = Release|Windows Mobile 5.0 Pocket PC SDK (ARMV4I)
		{967F2DAB-3CA2-444F-ADBD-98F6C9D0A12B}.Release|Windows Mobile 6.5.3 Professional DTK (ARMV4I).ActiveCfg = Release|Windows Mobile 6.5.3 Professional DTK (ARMV4I)
		{967F2DAB-3CA2-444F-ADBD-98F6C9D0A12B}.Release|Windows Mobile 6.5.3 Professional DTK (ARMV4I).Build.0 = Release|Windows Mobile 6.5.3 Professional DTK (ARMV4I)
		{967F2DAB-3CA2-444F-ADBD-98F6C9D0A12B}.Release|Windows Mobile 6.5.3 Professional DTK (ARMV4I).Deploy.0 = Release|Windows Mobile 6.5.3 Professional DTK (ARMV4I)
	EndGlobalSection
	GlobalSection(SolutionProperties) = preSolution
		HideSolutionNode = FALSE
	EndGlobalSection
EndGlobal
