
Microsoft Visual Studio Solution File, Format Version 10.00
# Visual Studio 2008
Project("{8BC9CEB8-8B4A-11D0-8D11-00A0C91BC942}") = "ITEScreenAnalyzerDLL", "ITEScreenAnalyzerDLL\ITEScreenAnalyzerDLL.vcproj", "{9BD1E902-614B-4913-9C64-DAF2FC5A04B5}"
	ProjectSection(ProjectDependencies) = postProject
		{5BA996ED-214C-4A56-B360-5D3EBA880EB3} = {5BA996ED-214C-4A56-B360-5D3EBA880EB3}
	EndProjectSection
EndProject
Project("{8BC9CEB8-8B4A-11D0-8D11-00A0C91BC942}") = "xmlrpc++0.7.WM", "..\ITEScreenAnalyzer\xmlrpc++0.7\xmlrpc++0.7.vcproj", "{5BA996ED-214C-4A56-B360-5D3EBA880EB3}"
EndProject
Global
	GlobalSection(SolutionConfigurationPlatforms) = preSolution
		Debug|Mixed Platforms = Debug|Mixed Platforms
		Debug|STANDARDSDK_420 (ARMV4I) = Debug|STANDARDSDK_420 (ARMV4I)
		Debug|Windows Mobile 5.0 Pocket PC SDK (ARMV4I) = Debug|Windows Mobile 5.0 Pocket PC SDK (ARMV4I)
		Debug|Windows Mobile 6 Standard SDK (ARMV4I) = Debug|Windows Mobile 6 Standard SDK (ARMV4I)
		Debug|Windows Mobile 6.5.3 Professional DTK (ARMV4I) = Debug|Windows Mobile 6.5.3 Professional DTK (ARMV4I)
		Release|Mixed Platforms = Release|Mixed Platforms
		Release|STANDARDSDK_420 (ARMV4I) = Release|STANDARDSDK_420 (ARMV4I)
		Release|Windows Mobile 5.0 Pocket PC SDK (ARMV4I) = Release|Windows Mobile 5.0 Pocket PC SDK (ARMV4I)
		Release|Windows Mobile 6 Standard SDK (ARMV4I) = Release|Windows Mobile 6 Standard SDK (ARMV4I)
		Release|Windows Mobile 6.5.3 Professional DTK (ARMV4I) = Release|Windows Mobile 6.5.3 Professional DTK (ARMV4I)
	EndGlobalSection
	GlobalSection(ProjectConfigurationPlatforms) = postSolution
		{9BD1E902-614B-4913-9C64-DAF2FC5A04B5}.Debug|Mixed Platforms.ActiveCfg = Debug|STANDARDSDK_420 (ARMV4I)
		{9BD1E902-614B-4913-9C64-DAF2FC5A04B5}.Debug|Mixed Platforms.Build.0 = Debug|STANDARDSDK_420 (ARMV4I)
		{9BD1E902-614B-4913-9C64-DAF2FC5A04B5}.Debug|Mixed Platforms.Deploy.0 = Debug|STANDARDSDK_420 (ARMV4I)
		{9BD1E902-614B-4913-9C64-DAF2FC5A04B5}.Debug|STANDARDSDK_420 (ARMV4I).ActiveCfg = Debug|STANDARDSDK_420 (ARMV4I)
		{9BD1E902-614B-4913-9C64-DAF2FC5A04B5}.Debug|STANDARDSDK_420 (ARMV4I).Build.0 = Debug|STANDARDSDK_420 (ARMV4I)
		{9BD1E902-614B-4913-9C64-DAF2FC5A04B5}.Debug|STANDARDSDK_420 (ARMV4I).Deploy.0 = Debug|STANDARDSDK_420 (ARMV4I)
		{9BD1E902-614B-4913-9C64-DAF2FC5A04B5}.Debug|Windows Mobile 5.0 Pocket PC SDK (ARMV4I).ActiveCfg = Debug|STANDARDSDK_420 (ARMV4I)
		{9BD1E902-614B-4913-9C64-DAF2FC5A04B5}.Debug|Windows Mobile 6 Standard SDK (ARMV4I).ActiveCfg = Debug|STANDARDSDK_420 (ARMV4I)
		{9BD1E902-614B-4913-9C64-DAF2FC5A04B5}.Debug|Windows Mobile 6.5.3 Professional DTK (ARMV4I).ActiveCfg = Debug|STANDARDSDK_420 (ARMV4I)
		{9BD1E902-614B-4913-9C64-DAF2FC5A04B5}.Release|Mixed Platforms.ActiveCfg = Release|STANDARDSDK_420 (ARMV4I)
		{9BD1E902-614B-4913-9C64-DAF2FC5A04B5}.Release|Mixed Platforms.Build.0 = Release|STANDARDSDK_420 (ARMV4I)
		{9BD1E902-614B-4913-9C64-DAF2FC5A04B5}.Release|Mixed Platforms.Deploy.0 = Release|STANDARDSDK_420 (ARMV4I)
		{9BD1E902-614B-4913-9C64-DAF2FC5A04B5}.Release|STANDARDSDK_420 (ARMV4I).ActiveCfg = Release|STANDARDSDK_420 (ARMV4I)
		{9BD1E902-614B-4913-9C64-DAF2FC5A04B5}.Release|STANDARDSDK_420 (ARMV4I).Build.0 = Release|STANDARDSDK_420 (ARMV4I)
		{9BD1E902-614B-4913-9C64-DAF2FC5A04B5}.Release|STANDARDSDK_420 (ARMV4I).Deploy.0 = Release|STANDARDSDK_420 (ARMV4I)
		{9BD1E902-614B-4913-9C64-DAF2FC5A04B5}.Release|Windows Mobile 5.0 Pocket PC SDK (ARMV4I).ActiveCfg = Release|STANDARDSDK_420 (ARMV4I)
		{9BD1E902-614B-4913-9C64-DAF2FC5A04B5}.Release|Windows Mobile 6 Standard SDK (ARMV4I).ActiveCfg = Release|STANDARDSDK_420 (ARMV4I)
		{9BD1E902-614B-4913-9C64-DAF2FC5A04B5}.Release|Windows Mobile 6.5.3 Professional DTK (ARMV4I).ActiveCfg = Release|STANDARDSDK_420 (ARMV4I)
		{5BA996ED-214C-4A56-B360-5D3EBA880EB3}.Debug|Mixed Platforms.ActiveCfg = Debug|STANDARDSDK_420 (ARMV4I)
		{5BA996ED-214C-4A56-B360-5D3EBA880EB3}.Debug|Mixed Platforms.Build.0 = Debug|STANDARDSDK_420 (ARMV4I)
		{5BA996ED-214C-4A56-B360-5D3EBA880EB3}.Debug|Mixed Platforms.Deploy.0 = Debug|STANDARDSDK_420 (ARMV4I)
		{5BA996ED-214C-4A56-B360-5D3EBA880EB3}.Debug|STANDARDSDK_420 (ARMV4I).ActiveCfg = Debug|Windows Mobile 6 Standard SDK (ARMV4I)
		{5BA996ED-214C-4A56-B360-5D3EBA880EB3}.Debug|Windows Mobile 5.0 Pocket PC SDK (ARMV4I).ActiveCfg = Debug|Windows Mobile 5.0 Pocket PC SDK (ARMV4I)
		{5BA996ED-214C-4A56-B360-5D3EBA880EB3}.Debug|Windows Mobile 5.0 Pocket PC SDK (ARMV4I).Build.0 = Debug|Windows Mobile 5.0 Pocket PC SDK (ARMV4I)
		{5BA996ED-214C-4A56-B360-5D3EBA880EB3}.Debug|Windows Mobile 5.0 Pocket PC SDK (ARMV4I).Deploy.0 = Debug|Windows Mobile 5.0 Pocket PC SDK (ARMV4I)
		{5BA996ED-214C-4A56-B360-5D3EBA880EB3}.Debug|Windows Mobile 6 Standard SDK (ARMV4I).ActiveCfg = Debug|Windows Mobile 6 Standard SDK (ARMV4I)
		{5BA996ED-214C-4A56-B360-5D3EBA880EB3}.Debug|Windows Mobile 6 Standard SDK (ARMV4I).Build.0 = Debug|Windows Mobile 6 Standard SDK (ARMV4I)
		{5BA996ED-214C-4A56-B360-5D3EBA880EB3}.Debug|Windows Mobile 6 Standard SDK (ARMV4I).Deploy.0 = Debug|Windows Mobile 6 Standard SDK (ARMV4I)
		{5BA996ED-214C-4A56-B360-5D3EBA880EB3}.Debug|Windows Mobile 6.5.3 Professional DTK (ARMV4I).ActiveCfg = Debug|Windows Mobile 6.5.3 Professional DTK (ARMV4I)
		{5BA996ED-214C-4A56-B360-5D3EBA880EB3}.Debug|Windows Mobile 6.5.3 Professional DTK (ARMV4I).Build.0 = Debug|Windows Mobile 6.5.3 Professional DTK (ARMV4I)
		{5BA996ED-214C-4A56-B360-5D3EBA880EB3}.Debug|Windows Mobile 6.5.3 Professional DTK (ARMV4I).Deploy.0 = Debug|Windows Mobile 6.5.3 Professional DTK (ARMV4I)
		{5BA996ED-214C-4A56-B360-5D3EBA880EB3}.Release|Mixed Platforms.ActiveCfg = Release|Windows Mobile 6 Standard SDK (ARMV4I)
		{5BA996ED-214C-4A56-B360-5D3EBA880EB3}.Release|Mixed Platforms.Build.0 = Release|Windows Mobile 6 Standard SDK (ARMV4I)
		{5BA996ED-214C-4A56-B360-5D3EBA880EB3}.Release|Mixed Platforms.Deploy.0 = Release|Windows Mobile 6 Standard SDK (ARMV4I)
		{5BA996ED-214C-4A56-B360-5D3EBA880EB3}.Release|STANDARDSDK_420 (ARMV4I).ActiveCfg = Release|Windows Mobile 6 Standard SDK (ARMV4I)
		{5BA996ED-214C-4A56-B360-5D3EBA880EB3}.Release|Windows Mobile 5.0 Pocket PC SDK (ARMV4I).ActiveCfg = Release|Windows Mobile 5.0 Pocket PC SDK (ARMV4I)
		{5BA996ED-214C-4A56-B360-5D3EBA880EB3}.Release|Windows Mobile 5.0 Pocket PC SDK (ARMV4I).Build.0 = Release|Windows Mobile 5.0 Pocket PC SDK (ARMV4I)
		{5BA996ED-214C-4A56-B360-5D3EBA880EB3}.Release|Windows Mobile 5.0 Pocket PC SDK (ARMV4I).Deploy.0 = Release|Windows Mobile 5.0 Pocket PC SDK (ARMV4I)
		{5BA996ED-214C-4A56-B360-5D3EBA880EB3}.Release|Windows Mobile 6 Standard SDK (ARMV4I).ActiveCfg = Release|Windows Mobile 6 Standard SDK (ARMV4I)
		{5BA996ED-214C-4A56-B360-5D3EBA880EB3}.Release|Windows Mobile 6 Standard SDK (ARMV4I).Build.0 = Release|Windows Mobile 6 Standard SDK (ARMV4I)
		{5BA996ED-214C-4A56-B360-5D3EBA880EB3}.Release|Windows Mobile 6 Standard SDK (ARMV4I).Deploy.0 = Release|Windows Mobile 6 Standard SDK (ARMV4I)
		{5BA996ED-214C-4A56-B360-5D3EBA880EB3}.Release|Windows Mobile 6.5.3 Professional DTK (ARMV4I).ActiveCfg = Release|Windows Mobile 6.5.3 Professional DTK (ARMV4I)
		{5BA996ED-214C-4A56-B360-5D3EBA880EB3}.Release|Windows Mobile 6.5.3 Professional DTK (ARMV4I).Build.0 = Release|Windows Mobile 6.5.3 Professional DTK (ARMV4I)
		{5BA996ED-214C-4A56-B360-5D3EBA880EB3}.Release|Windows Mobile 6.5.3 Professional DTK (ARMV4I).Deploy.0 = Release|Windows Mobile 6.5.3 Professional DTK (ARMV4I)
	EndGlobalSection
	GlobalSection(SolutionProperties) = preSolution
		HideSolutionNode = FALSE
	EndGlobalSection
EndGlobal
